
Microsoft Visual Studio Solution File, Format Version 12.00
# Visual Studio Version 17
VisualStudioVersion = 17.5.002.0
MinimumVisualStudioVersion = 10.0.40219.1
Project("{9A19103F-16F7-4668-BE54-9A1E7A4F7556}") = "learningapp", "learningapp.csproj", "{95013F9F-E557-456B-A68B-F7BECD839A82}"
EndProject
Global
	GlobalSection(SolutionConfigurationPlatforms) = preSolution
		Debug|Any CPU = Debug|Any CPU
		Release|Any CPU = Release|Any CPU
	EndGlobalSection
	GlobalSection(ProjectConfigurationPlatforms) = postSolution
		{95013F9F-E557-456B-A68B-F7BECD839A82}.Debug|Any CPU.ActiveCfg = Debug|Any CPU
		{95013F9F-E557-456B-A68B-F7BECD839A82}.Debug|Any CPU.Build.0 = Debug|Any CPU
		{95013F9F-E557-456B-A68B-F7BECD839A82}.Release|Any CPU.ActiveCfg = Release|Any CPU
		{95013F9F-E557-456B-A68B-F7BECD839A82}.Release|Any CPU.Build.0 = Release|Any CPU
	EndGlobalSection
	GlobalSection(SolutionProperties) = preSolution
		HideSolutionNode = FALSE
	EndGlobalSection
	GlobalSection(ExtensibilityGlobals) = postSolution
		SolutionGuid = {18E613B6-A9CF-4BFC-9CB2-B503BFFCAE1E}
	EndGlobalSection
EndGlobal
